
Microsoft Visual Studio Solution File, Format Version 12.00
# Visual Studio 14
VisualStudioVersion = 14.0.24720.0
MinimumVisualStudioVersion = 10.0.40219.1
Project("{F14B399A-7131-4C87-9E4B-1186C45EF12D}") = "LoadTestReportsProject", "LoadTestReportsProject\LoadTestReportsProject.rptproj", "{556FCE20-4833-4B50-BF90-74F7B99BF436}"
EndProject
Global
	GlobalSection(SolutionConfigurationPlatforms) = preSolution
		Debug|Default = Debug|Default
		DebugLocal|Default = DebugLocal|Default
		Release|Default = Release|Default
	EndGlobalSection
	GlobalSection(ProjectConfigurationPlatforms) = postSolution
		{556FCE20-4833-4B50-BF90-74F7B99BF436}.Debug|Default.ActiveCfg = Debug
		{556FCE20-4833-4B50-BF90-74F7B99BF436}.Debug|Default.Build.0 = Debug
		{556FCE20-4833-4B50-BF90-74F7B99BF436}.Debug|Default.Deploy.0 = Debug
		{556FCE20-4833-4B50-BF90-74F7B99BF436}.DebugLocal|Default.ActiveCfg = DebugLocal
		{556FCE20-4833-4B50-BF90-74F7B99BF436}.DebugLocal|Default.Build.0 = DebugLocal
		{556FCE20-4833-4B50-BF90-74F7B99BF436}.Release|Default.ActiveCfg = Release
		{556FCE20-4833-4B50-BF90-74F7B99BF436}.Release|Default.Build.0 = Release
		{556FCE20-4833-4B50-BF90-74F7B99BF436}.Release|Default.Deploy.0 = Release
	EndGlobalSection
	GlobalSection(SolutionProperties) = preSolution
		HideSolutionNode = FALSE
	EndGlobalSection
EndGlobal
